
Microsoft Visual Studio Solution File, Format Version 12.00
# Visual Studio Version 17
VisualStudioVersion = 17.8.34330.188
MinimumVisualStudioVersion = 10.0.40219.1
Project("{FAE04EC0-301F-11D3-BF4B-00C04F79EFBC}") = "Tasknew", "Tasknew\Tasknew.csproj", "{3A889419-D50D-4926-940D-C40F833285C8}"
EndProject
Global
	GlobalSection(SolutionConfigurationPlatforms) = preSolution
		Debug|Any CPU = Debug|Any CPU
		Release|Any CPU = Release|Any CPU
	EndGlobalSection
	GlobalSection(ProjectConfigurationPlatforms) = postSolution
		{3A889419-D50D-4926-940D-C40F833285C8}.Debug|Any CPU.ActiveCfg = Debug|Any CPU
		{3A889419-D50D-4926-940D-C40F833285C8}.Debug|Any CPU.Build.0 = Debug|Any CPU
		{3A889419-D50D-4926-940D-C40F833285C8}.Release|Any CPU.ActiveCfg = Release|Any CPU
		{3A889419-D50D-4926-940D-C40F833285C8}.Release|Any CPU.Build.0 = Release|Any CPU
	EndGlobalSection
	GlobalSection(SolutionProperties) = preSolution
		HideSolutionNode = FALSE
	EndGlobalSection
	GlobalSection(ExtensibilityGlobals) = postSolution
		SolutionGuid = {A4B3AB03-DB0E-4AD3-B38E-DE0C9F2D0FD7}
	EndGlobalSection
EndGlobal
